
Microsoft Visual Studio Solution File, Format Version 12.00
# Visual Studio Version 17
VisualStudioVersion = 17.9.34616.47
MinimumVisualStudioVersion = 10.0.40219.1
Project("{9A19103F-16F7-4668-BE54-9A1E7A4F7556}") = "LabWorks", "LabWorks\LabWorks.csproj", "{4219B630-359F-4E4A-AE7A-3FB7FE119245}"
EndProject
Project("{FAE04EC0-301F-11D3-BF4B-00C04F79EFBC}") = "Library", "Library\Library.csproj", "{15014CAD-C920-40D6-BE8F-B6F363D312BF}"
EndProject
Global
	GlobalSection(SolutionConfigurationPlatforms) = preSolution
		Debug|Any CPU = Debug|Any CPU
		Release|Any CPU = Release|Any CPU
	EndGlobalSection
	GlobalSection(ProjectConfigurationPlatforms) = postSolution
		{4219B630-359F-4E4A-AE7A-3FB7FE119245}.Debug|Any CPU.ActiveCfg = Debug|Any CPU
		{4219B630-359F-4E4A-AE7A-3FB7FE119245}.Debug|Any CPU.Build.0 = Debug|Any CPU
		{4219B630-359F-4E4A-AE7A-3FB7FE119245}.Release|Any CPU.ActiveCfg = Release|Any CPU
		{4219B630-359F-4E4A-AE7A-3FB7FE119245}.Release|Any CPU.Build.0 = Release|Any CPU
		{15014CAD-C920-40D6-BE8F-B6F363D312BF}.Debug|Any CPU.ActiveCfg = Debug|Any CPU
		{15014CAD-C920-40D6-BE8F-B6F363D312BF}.Debug|Any CPU.Build.0 = Debug|Any CPU
		{15014CAD-C920-40D6-BE8F-B6F363D312BF}.Release|Any CPU.ActiveCfg = Release|Any CPU
		{15014CAD-C920-40D6-BE8F-B6F363D312BF}.Release|Any CPU.Build.0 = Release|Any CPU
	EndGlobalSection
	GlobalSection(SolutionProperties) = preSolution
		HideSolutionNode = FALSE
	EndGlobalSection
	GlobalSection(ExtensibilityGlobals) = postSolution
		SolutionGuid = {3D0F371C-A28E-42A3-BF82-E58350E674B7}
	EndGlobalSection
EndGlobal
