
Microsoft Visual Studio Solution File, Format Version 12.00
# Visual Studio Version 17
VisualStudioVersion = 17.9.34728.123
MinimumVisualStudioVersion = 10.0.40219.1
Project("{FAE04EC0-301F-11D3-BF4B-00C04F79EFBC}") = "LabWork38", "LabWork38\LabWork38.csproj", "{C804784B-1A50-4783-AF7D-7E25F7C4AEA3}"
EndProject
Global
	GlobalSection(SolutionConfigurationPlatforms) = preSolution
		Debug|Any CPU = Debug|Any CPU
		Release|Any CPU = Release|Any CPU
	EndGlobalSection
	GlobalSection(ProjectConfigurationPlatforms) = postSolution
		{C804784B-1A50-4783-AF7D-7E25F7C4AEA3}.Debug|Any CPU.ActiveCfg = Debug|Any CPU
		{C804784B-1A50-4783-AF7D-7E25F7C4AEA3}.Debug|Any CPU.Build.0 = Debug|Any CPU
		{C804784B-1A50-4783-AF7D-7E25F7C4AEA3}.Release|Any CPU.ActiveCfg = Release|Any CPU
		{C804784B-1A50-4783-AF7D-7E25F7C4AEA3}.Release|Any CPU.Build.0 = Release|Any CPU
	EndGlobalSection
	GlobalSection(SolutionProperties) = preSolution
		HideSolutionNode = FALSE
	EndGlobalSection
	GlobalSection(ExtensibilityGlobals) = postSolution
		SolutionGuid = {42069A08-F346-49E8-B69D-2D276F4DD248}
	EndGlobalSection
EndGlobal
