
Microsoft Visual Studio Solution File, Format Version 12.00
# Visual Studio Version 17
VisualStudioVersion = 17.9.34616.47
MinimumVisualStudioVersion = 10.0.40219.1
Project("{FAE04EC0-301F-11D3-BF4B-00C04F79EFBC}") = "Task1", "Task1\Task1.csproj", "{6736C742-1F79-4B7C-B596-B03409AE4C63}"
EndProject
Global
	GlobalSection(SolutionConfigurationPlatforms) = preSolution
		Debug|Any CPU = Debug|Any CPU
		Release|Any CPU = Release|Any CPU
	EndGlobalSection
	GlobalSection(ProjectConfigurationPlatforms) = postSolution
		{6736C742-1F79-4B7C-B596-B03409AE4C63}.Debug|Any CPU.ActiveCfg = Debug|Any CPU
		{6736C742-1F79-4B7C-B596-B03409AE4C63}.Debug|Any CPU.Build.0 = Debug|Any CPU
		{6736C742-1F79-4B7C-B596-B03409AE4C63}.Release|Any CPU.ActiveCfg = Release|Any CPU
		{6736C742-1F79-4B7C-B596-B03409AE4C63}.Release|Any CPU.Build.0 = Release|Any CPU
	EndGlobalSection
	GlobalSection(SolutionProperties) = preSolution
		HideSolutionNode = FALSE
	EndGlobalSection
	GlobalSection(ExtensibilityGlobals) = postSolution
		SolutionGuid = {F0007E96-E30E-4AC8-BA28-E5C6E97BA803}
	EndGlobalSection
EndGlobal
