
Microsoft Visual Studio Solution File, Format Version 12.00
# Visual Studio Version 17
VisualStudioVersion = 17.9.34616.47
MinimumVisualStudioVersion = 10.0.40219.1
Project("{9A19103F-16F7-4668-BE54-9A1E7A4F7556}") = "Task1", "Task1\Task1.csproj", "{4AA9D281-F448-46A9-B8B7-DA7766A206C6}"
EndProject
Project("{FAE04EC0-301F-11D3-BF4B-00C04F79EFBC}") = "Task2", "Task2\Task2.csproj", "{0802EB96-BA00-41E0-95AC-6E781365FC95}"
EndProject
Global
	GlobalSection(SolutionConfigurationPlatforms) = preSolution
		Debug|Any CPU = Debug|Any CPU
		Release|Any CPU = Release|Any CPU
	EndGlobalSection
	GlobalSection(ProjectConfigurationPlatforms) = postSolution
		{4AA9D281-F448-46A9-B8B7-DA7766A206C6}.Debug|Any CPU.ActiveCfg = Debug|Any CPU
		{4AA9D281-F448-46A9-B8B7-DA7766A206C6}.Debug|Any CPU.Build.0 = Debug|Any CPU
		{4AA9D281-F448-46A9-B8B7-DA7766A206C6}.Release|Any CPU.ActiveCfg = Release|Any CPU
		{4AA9D281-F448-46A9-B8B7-DA7766A206C6}.Release|Any CPU.Build.0 = Release|Any CPU
		{0802EB96-BA00-41E0-95AC-6E781365FC95}.Debug|Any CPU.ActiveCfg = Debug|Any CPU
		{0802EB96-BA00-41E0-95AC-6E781365FC95}.Debug|Any CPU.Build.0 = Debug|Any CPU
		{0802EB96-BA00-41E0-95AC-6E781365FC95}.Release|Any CPU.ActiveCfg = Release|Any CPU
		{0802EB96-BA00-41E0-95AC-6E781365FC95}.Release|Any CPU.Build.0 = Release|Any CPU
	EndGlobalSection
	GlobalSection(SolutionProperties) = preSolution
		HideSolutionNode = FALSE
	EndGlobalSection
	GlobalSection(ExtensibilityGlobals) = postSolution
		SolutionGuid = {6923A9F1-3487-434E-8A98-35A94B7B2F8B}
	EndGlobalSection
EndGlobal
